PODS:
  - BetterSegmentedControl (2.0.1)

DEPENDENCIES:
  - BetterSegmentedControl (~> 2.0)

SPEC REPOS:
  trunk:
    - BetterSegmentedControl

SPEC CHECKSUMS:
  BetterSegmentedControl: 09607b27861d49cbce48b7673b74f9150a3d371a

PODFILE CHECKSUM: 8a8ab9343cb384bf652e026e2880ed2b96d50ef4

COCOAPODS: 1.11.2
