PODS:
  - BetterSegmentedControl (2.0.1)

DEPENDENCIES:
  - BetterSegmentedControl (~> 2.0)

SPEC REPOS:
  trunk:
    - BetterSegmentedControl

SPEC CHECKSUMS:
  BetterSegmentedControl: 09607b27861d49cbce48b7673b74f9150a3d371a

PODFILE CHECKSUM: ad218142366593232a00f9821f07b66234fe2249

COCOAPODS: 1.11.2
