// !$*UTF8*$!
{
	archiveVersion = 1;
	classes = {
	};
	objectVersion = 55;
	objects = {

/* Begin PBXBuildFile section */
		047B5B128474A4EA46B16083 /* Pods_Yumn.framework in Frameworks */ = {isa = PBXBuildFile; fileRef = 6E1A393CEC453AD6D90FCBBB /* Pods_Yumn.framework */; };
		956C67FD27BFEAD10026EA9E /* VolunteerProfileViewController.swift in Sources */ = {isa = PBXBuildFile; fileRef = 956C67FC27BFEAD10026EA9E /* VolunteerProfileViewController.swift */; };
		95785059279E1917004F3D8F /* AppDelegate.swift in Sources */ = {isa = PBXBuildFile; fileRef = 95785058279E1917004F3D8F /* AppDelegate.swift */; };
		9578505B279E1917004F3D8F /* SceneDelegate.swift in Sources */ = {isa = PBXBuildFile; fileRef = 9578505A279E1917004F3D8F /* SceneDelegate.swift */; };
		95785060279E1917004F3D8F /* Main.storyboard in Resources */ = {isa = PBXBuildFile; fileRef = 9578505E279E1917004F3D8F /* Main.storyboard */; };
		95785062279E1918004F3D8F /* Assets.xcassets in Resources */ = {isa = PBXBuildFile; fileRef = 95785061279E1918004F3D8F /* Assets.xcassets */; };
		95785065279E1918004F3D8F /* LaunchScreen.storyboard in Resources */ = {isa = PBXBuildFile; fileRef = 95785063279E1918004F3D8F /* LaunchScreen.storyboard */; };
		959AB20327BFFA660093981E /* GoogleService-Info.plist in Resources */ = {isa = PBXBuildFile; fileRef = 959AB20227BFFA660093981E /* GoogleService-Info.plist */; };
		959AB20527C056450093981E /* HospitalProfileViewController.swift in Sources */ = {isa = PBXBuildFile; fileRef = 959AB20427C056450093981E /* HospitalProfileViewController.swift */; };
		95B7374C27BFF025006EE496 /* Tajawal-Regular.ttf in Resources */ = {isa = PBXBuildFile; fileRef = 956C67FE27BFEB2E0026EA9E /* Tajawal-Regular.ttf */; };
		95F97A5027C847040002D79A /* ConvertingColors.swift in Sources */ = {isa = PBXBuildFile; fileRef = 95F97A4F27C847040002D79A /* ConvertingColors.swift */; };
/* End PBXBuildFile section */

/* Begin PBXFileReference section */
		11A8990DF536DBF6E4EADDCE /* Pods-Yumn.debug.xcconfig */ = {isa = PBXFileReference; includeInIndex = 1; lastKnownFileType = text.xcconfig; name = "Pods-Yumn.debug.xcconfig"; path = "Target Support Files/Pods-Yumn/Pods-Yumn.debug.xcconfig"; sourceTree = "<group>"; };
		6E1A393CEC453AD6D90FCBBB /* Pods_Yumn.framework */ = {isa = PBXFileReference; explicitFileType = wrapper.framework; includeInIndex = 0; path = Pods_Yumn.framework; sourceTree = BUILT_PRODUCTS_DIR; };
		8847A9365CB12728FCA6816C /* Pods-Yumn.release.xcconfig */ = {isa = PBXFileReference; includeInIndex = 1; lastKnownFileType = text.xcconfig; name = "Pods-Yumn.release.xcconfig"; path = "Target Support Files/Pods-Yumn/Pods-Yumn.release.xcconfig"; sourceTree = "<group>"; };
		956C67FC27BFEAD10026EA9E /* VolunteerProfileViewController.swift */ = {isa = PBXFileReference; lastKnownFileType = sourcecode.swift; path = VolunteerProfileViewController.swift; sourceTree = "<group>"; };
		956C67FE27BFEB2E0026EA9E /* Tajawal-Regular.ttf */ = {isa = PBXFileReference; lastKnownFileType = file; path = "Tajawal-Regular.ttf"; sourceTree = "<group>"; };
		95785055279E1917004F3D8F /* Yumn.app */ = {isa = PBXFileReference; explicitFileType = wrapper.application; includeInIndex = 0; path = Yumn.app; sourceTree = BUILT_PRODUCTS_DIR; };
		95785058279E1917004F3D8F /* AppDelegate.swift */ = {isa = PBXFileReference; lastKnownFileType = sourcecode.swift; path = AppDelegate.swift; sourceTree = "<group>"; };
		9578505A279E1917004F3D8F /* SceneDelegate.swift */ = {isa = PBXFileReference; lastKnownFileType = sourcecode.swift; path = SceneDelegate.swift; sourceTree = "<group>"; };
		9578505F279E1917004F3D8F /* Base */ = {isa = PBXFileReference; lastKnownFileType = file.storyboard; name = Base; path = Base.lproj/Main.storyboard; sourceTree = "<group>"; };
		95785061279E1918004F3D8F /* Assets.xcassets */ = {isa = PBXFileReference; lastKnownFileType = folder.assetcatalog; path = Assets.xcassets; sourceTree = "<group>"; };
		95785064279E1918004F3D8F /* Base */ = {isa = PBXFileReference; lastKnownFileType = file.storyboard; name = Base; path = Base.lproj/LaunchScreen.storyboard; sourceTree = "<group>"; };
		95785066279E1918004F3D8F /* Info.plist */ = {isa = PBXFileReference; lastKnownFileType = text.plist.xml; path = Info.plist; sourceTree = "<group>"; };
		959AB20227BFFA660093981E /* GoogleService-Info.plist */ = {isa = PBXFileReference; fileEncoding = 4; lastKnownFileType = text.plist.xml; path = "GoogleService-Info.plist"; sourceTree = "<group>"; };
		959AB20427C056450093981E /* HospitalProfileViewController.swift */ = {isa = PBXFileReference; lastKnownFileType = sourcecode.swift; path = HospitalProfileViewController.swift; sourceTree = "<group>"; };
		95F97A4F27C847040002D79A /* ConvertingColors.swift */ = {isa = PBXFileReference; lastKnownFileType = sourcecode.swift; path = ConvertingColors.swift; sourceTree = "<group>"; };
/* End PBXFileReference section */

/* Begin PBXFrameworksBuildPhase section */
		95785052279E1917004F3D8F /* Frameworks */ = {
			isa = PBXFrameworksBuildPhase;
			buildActionMask = 2147483647;
			files = (
				047B5B128474A4EA46B16083 /* Pods_Yumn.framework in Frameworks */,
			);
			runOnlyForDeploymentPostprocessing = 0;
		};
/* End PBXFrameworksBuildPhase section */

/* Begin PBXGroup section */
		7F3C8EA23D5DDD11AED538FB /* Pods */ = {
			isa = PBXGroup;
			children = (
				11A8990DF536DBF6E4EADDCE /* Pods-Yumn.debug.xcconfig */,
				8847A9365CB12728FCA6816C /* Pods-Yumn.release.xcconfig */,
			);
			path = Pods;
			sourceTree = "<group>";
		};
		9578504C279E1917004F3D8F = {
			isa = PBXGroup;
			children = (
				95785057279E1917004F3D8F /* Yumn */,
				95785056279E1917004F3D8F /* Products */,
				7F3C8EA23D5DDD11AED538FB /* Pods */,
				B3451E1DA5D869B6FCAC4BD9 /* Frameworks */,
			);
			sourceTree = "<group>";
		};
		95785056279E1917004F3D8F /* Products */ = {
			isa = PBXGroup;
			children = (
				95785055279E1917004F3D8F /* Yumn.app */,
			);
			name = Products;
			sourceTree = "<group>";
		};
		95785057279E1917004F3D8F /* Yumn */ = {
			isa = PBXGroup;
			children = (
				95B7374B27BFEFF9006EE496 /* Hospital */,
				95B7374A27BFEFE5006EE496 /* Volunteer */,
				95785058279E1917004F3D8F /* AppDelegate.swift */,
				959AB20227BFFA660093981E /* GoogleService-Info.plist */,
				9578505A279E1917004F3D8F /* SceneDelegate.swift */,
				9578505E279E1917004F3D8F /* Main.storyboard */,
				95785061279E1918004F3D8F /* Assets.xcassets */,
				95785063279E1918004F3D8F /* LaunchScreen.storyboard */,
				95785066279E1918004F3D8F /* Info.plist */,
				956C67FE27BFEB2E0026EA9E /* Tajawal-Regular.ttf */,
				95F97A4F27C847040002D79A /* ConvertingColors.swift */,
			);
			path = Yumn;
			sourceTree = "<group>";
		};
		95B7374A27BFEFE5006EE496 /* Volunteer */ = {
			isa = PBXGroup;
			children = (
				956C67FC27BFEAD10026EA9E /* VolunteerProfileViewController.swift */,
			);
			path = Volunteer;
			sourceTree = "<group>";
		};
		95B7374B27BFEFF9006EE496 /* Hospital */ = {
			isa = PBXGroup;
			children = (
				959AB20427C056450093981E /* HospitalProfileViewController.swift */,
			);
			path = Hospital;
			sourceTree = "<group>";
		};
		B3451E1DA5D869B6FCAC4BD9 /* Frameworks */ = {
			isa = PBXGroup;
			children = (
				6E1A393CEC453AD6D90FCBBB /* Pods_Yumn.framework */,
			);
			name = Frameworks;
			sourceTree = "<group>";
		};
/* End PBXGroup section */

/* Begin PBXNativeTarget section */
		95785054279E1917004F3D8F /* Yumn */ = {
			isa = PBXNativeTarget;
			buildConfigurationList = 95785069279E1918004F3D8F /* Build configuration list for PBXNativeTarget "Yumn" */;
			buildPhases = (
				9151E1ADA2E86C20927BD5DF /* [CP] Check Pods Manifest.lock */,
				95785051279E1917004F3D8F /* Sources */,
				95785052279E1917004F3D8F /* Frameworks */,
				95785053279E1917004F3D8F /* Resources */,
				464D0870138E5F7003EB40FE /* [CP] Embed Pods Frameworks */,
			);
			buildRules = (
			);
			dependencies = (
			);
			name = Yumn;
			productName = Yumn;
			productReference = 95785055279E1917004F3D8F /* Yumn.app */;
			productType = "com.apple.product-type.application";
		};
/* End PBXNativeTarget section */

/* Begin PBXProject section */
		9578504D279E1917004F3D8F /* Project object */ = {
			isa = PBXProject;
			attributes = {
				BuildIndependentTargetsInParallel = 1;
				LastSwiftUpdateCheck = 1320;
				LastUpgradeCheck = 1320;
				TargetAttributes = {
					95785054279E1917004F3D8F = {
						CreatedOnToolsVersion = 13.2;
					};
				};
			};
			buildConfigurationList = 95785050279E1917004F3D8F /* Build configuration list for PBXProject "Yumn" */;
			compatibilityVersion = "Xcode 13.0";
			developmentRegion = en;
			hasScannedForEncodings = 0;
			knownRegions = (
				en,
				Base,
			);
			mainGroup = 9578504C279E1917004F3D8F;
			productRefGroup = 95785056279E1917004F3D8F /* Products */;
			projectDirPath = "";
			projectRoot = "";
			targets = (
				95785054279E1917004F3D8F /* Yumn */,
			);
		};
/* End PBXProject section */

/* Begin PBXResourcesBuildPhase section */
		95785053279E1917004F3D8F /* Resources */ = {
			isa = PBXResourcesBuildPhase;
			buildActionMask = 2147483647;
			files = (
				95785065279E1918004F3D8F /* LaunchScreen.storyboard in Resources */,
				95785062279E1918004F3D8F /* Assets.xcassets in Resources */,
				959AB20327BFFA660093981E /* GoogleService-Info.plist in Resources */,
				95B7374C27BFF025006EE496 /* Tajawal-Regular.ttf in Resources */,
				95785060279E1917004F3D8F /* Main.storyboard in Resources */,
			);
			runOnlyForDeploymentPostprocessing = 0;
		};
/* End PBXResourcesBuildPhase section */

/* Begin PBXShellScriptBuildPhase section */
		464D0870138E5F7003EB40FE /* [CP] Embed Pods Frameworks */ = {
			isa = PBXShellScriptBuildPhase;
			buildActionMask = 2147483647;
			files = (
			);
			inputFileListPaths = (
				"${PODS_ROOT}/Target Support Files/Pods-Yumn/Pods-Yumn-frameworks-${CONFIGURATION}-input-files.xcfilelist",
			);
			name = "[CP] Embed Pods Frameworks";
			outputFileListPaths = (
				"${PODS_ROOT}/Target Support Files/Pods-Yumn/Pods-Yumn-frameworks-${CONFIGURATION}-output-files.xcfilelist",
			);
			runOnlyForDeploymentPostprocessing = 0;
			shellPath = /bin/sh;
			shellScript = "\"${PODS_ROOT}/Target Support Files/Pods-Yumn/Pods-Yumn-frameworks.sh\"\n";
			showEnvVarsInLog = 0;
		};
		9151E1ADA2E86C20927BD5DF /* [CP] Check Pods Manifest.lock */ = {
			isa = PBXShellScriptBuildPhase;
			buildActionMask = 2147483647;
			files = (
			);
			inputFileListPaths = (
			);
			inputPaths = (
				"${PODS_PODFILE_DIR_PATH}/Podfile.lock",
				"${PODS_ROOT}/Manifest.lock",
			);
			name = "[CP] Check Pods Manifest.lock";
			outputFileListPaths = (
			);
			outputPaths = (
				"$(DERIVED_FILE_DIR)/Pods-Yumn-checkManifestLockResult.txt",
			);
			runOnlyForDeploymentPostprocessing = 0;
			shellPath = /bin/sh;
			shellScript = "diff \"${PODS_PODFILE_DIR_PATH}/Podfile.lock\" \"${PODS_ROOT}/Manifest.lock\" > /dev/null\nif [ $? != 0 ] ; then\n    # print error to STDERR\n    echo \"error: The sandbox is not in sync with the Podfile.lock. Run 'pod install' or update your CocoaPods installation.\" >&2\n    exit 1\nfi\n# This output is used by Xcode 'outputs' to avoid re-running this script phase.\necho \"SUCCESS\" > \"${SCRIPT_OUTPUT_FILE_0}\"\n";
			showEnvVarsInLog = 0;
		};
/* End PBXShellScriptBuildPhase section */

/* Begin PBXSourcesBuildPhase section */
		95785051279E1917004F3D8F /* Sources */ = {
			isa = PBXSourcesBuildPhase;
			buildActionMask = 2147483647;
			files = (
				95F97A5027C847040002D79A /* ConvertingColors.swift in Sources */,
				95785059279E1917004F3D8F /* AppDelegate.swift in Sources */,
				9578505B279E1917004F3D8F /* SceneDelegate.swift in Sources */,
				959AB20527C056450093981E /* HospitalProfileViewController.swift in Sources */,
				956C67FD27BFEAD10026EA9E /* VolunteerProfileViewController.swift in Sources */,
			);
			runOnlyForDeploymentPostprocessing = 0;
		};
/* End PBXSourcesBuildPhase section */

/* Begin PBXVariantGroup section */
		9578505E279E1917004F3D8F /* Main.storyboard */ = {
			isa = PBXVariantGroup;
			children = (
				9578505F279E1917004F3D8F /* Base */,
			);
			name = Main.storyboard;
			sourceTree = "<group>";
		};
		95785063279E1918004F3D8F /* LaunchScreen.storyboard */ = {
			isa = PBXVariantGroup;
			children = (
				95785064279E1918004F3D8F /* Base */,
			);
			name = LaunchScreen.storyboard;
			sourceTree = "<group>";
		};
/* End PBXVariantGroup section */

/* Begin XCBuildConfiguration section */
		95785067279E1918004F3D8F /* Debug */ = {
			isa = XCBuildConfiguration;
			buildSettings = {
				ALWAYS_SEARCH_USER_PATHS = NO;
				CLANG_ANALYZER_NONNULL = YES;
				CLANG_ANALYZER_NUMBER_OBJECT_CONVERSION = YES_AGGRESSIVE;
				CLANG_CXX_LANGUAGE_STANDARD = "gnu++17";
				CLANG_CXX_LIBRARY = "libc++";
				CLANG_ENABLE_MODULES = YES;
				CLANG_ENABLE_OBJC_ARC = YES;
				CLANG_ENABLE_OBJC_WEAK = YES;
				CLANG_WARN_BLOCK_CAPTURE_AUTORELEASING = YES;
				CLANG_WARN_BOOL_CONVERSION = YES;
				CLANG_WARN_COMMA = YES;
				CLANG_WARN_CONSTANT_CONVERSION = YES;
				CLANG_WARN_DEPRECATED_OBJC_IMPLEMENTATIONS = YES;
				CLANG_WARN_DIRECT_OBJC_ISA_USAGE = YES_ERROR;
				CLANG_WARN_DOCUMENTATION_COMMENTS = YES;
				CLANG_WARN_EMPTY_BODY = YES;
				CLANG_WARN_ENUM_CONVERSION = YES;
				CLANG_WARN_INFINITE_RECURSION = YES;
				CLANG_WARN_INT_CONVERSION = YES;
				CLANG_WARN_NON_LITERAL_NULL_CONVERSION = YES;
				CLANG_WARN_OBJC_IMPLICIT_RETAIN_SELF = YES;
				CLANG_WARN_OBJC_LITERAL_CONVERSION = YES;
				CLANG_WARN_OBJC_ROOT_CLASS = YES_ERROR;
				CLANG_WARN_QUOTED_INCLUDE_IN_FRAMEWORK_HEADER = YES;
				CLANG_WARN_RANGE_LOOP_ANALYSIS = YES;
				CLANG_WARN_STRICT_PROTOTYPES = YES;
				CLANG_WARN_SUSPICIOUS_MOVE = YES;
				CLANG_WARN_UNGUARDED_AVAILABILITY = YES_AGGRESSIVE;
				CLANG_WARN_UNREACHABLE_CODE = YES;
				CLANG_WARN__DUPLICATE_METHOD_MATCH = YES;
				COPY_PHASE_STRIP = NO;
				DEBUG_INFORMATION_FORMAT = dwarf;
				ENABLE_STRICT_OBJC_MSGSEND = YES;
				ENABLE_TESTABILITY = YES;
				GCC_C_LANGUAGE_STANDARD = gnu11;
				GCC_DYNAMIC_NO_PIC = NO;
				GCC_NO_COMMON_BLOCKS = YES;
				GCC_OPTIMIZATION_LEVEL = 0;
				GCC_PREPROCESSOR_DEFINITIONS = (
					"DEBUG=1",
					"$(inherited)",
				);
				GCC_WARN_64_TO_32_BIT_CONVERSION = YES;
				GCC_WARN_ABOUT_RETURN_TYPE = YES_ERROR;
				GCC_WARN_UNDECLARED_SELECTOR = YES;
				GCC_WARN_UNINITIALIZED_AUTOS = YES_AGGRESSIVE;
				GCC_WARN_UNUSED_FUNCTION = YES;
				GCC_WARN_UNUSED_VARIABLE = YES;
				IPHONEOS_DEPLOYMENT_TARGET = 15.2;
				MTL_ENABLE_DEBUG_INFO = INCLUDE_SOURCE;
				MTL_FAST_MATH = YES;
				ONLY_ACTIVE_ARCH = YES;
				SDKROOT = iphoneos;
				SWIFT_ACTIVE_COMPILATION_CONDITIONS = DEBUG;
				SWIFT_OPTIMIZATION_LEVEL = "-Onone";
			};
			name = Debug;
		};
		95785068279E1918004F3D8F /* Release */ = {
			isa = XCBuildConfiguration;
			buildSettings = {
				ALWAYS_SEARCH_USER_PATHS = NO;
				CLANG_ANALYZER_NONNULL = YES;
				CLANG_ANALYZER_NUMBER_OBJECT_CONVERSION = YES_AGGRESSIVE;
				CLANG_CXX_LANGUAGE_STANDARD = "gnu++17";
				CLANG_CXX_LIBRARY = "libc++";
				CLANG_ENABLE_MODULES = YES;
				CLANG_ENABLE_OBJC_ARC = YES;
				CLANG_ENABLE_OBJC_WEAK = YES;
				CLANG_WARN_BLOCK_CAPTURE_AUTORELEASING = YES;
				CLANG_WARN_BOOL_CONVERSION = YES;
				CLANG_WARN_COMMA = YES;
				CLANG_WARN_CONSTANT_CONVERSION = YES;
				CLANG_WARN_DEPRECATED_OBJC_IMPLEMENTATIONS = YES;
				CLANG_WARN_DIRECT_OBJC_ISA_USAGE = YES_ERROR;
				CLANG_WARN_DOCUMENTATION_COMMENTS = YES;
				CLANG_WARN_EMPTY_BODY = YES;
				CLANG_WARN_ENUM_CONVERSION = YES;
				CLANG_WARN_INFINITE_RECURSION = YES;
				CLANG_WARN_INT_CONVERSION = YES;
				CLANG_WARN_NON_LITERAL_NULL_CONVERSION = YES;
				CLANG_WARN_OBJC_IMPLICIT_RETAIN_SELF = YES;
				CLANG_WARN_OBJC_LITERAL_CONVERSION = YES;
				CLANG_WARN_OBJC_ROOT_CLASS = YES_ERROR;
				CLANG_WARN_QUOTED_INCLUDE_IN_FRAMEWORK_HEADER = YES;
				CLANG_WARN_RANGE_LOOP_ANALYSIS = YES;
				CLANG_WARN_STRICT_PROTOTYPES = YES;
				CLANG_WARN_SUSPICIOUS_MOVE = YES;
				CLANG_WARN_UNGUARDED_AVAILABILITY = YES_AGGRESSIVE;
				CLANG_WARN_UNREACHABLE_CODE = YES;
				CLANG_WARN__DUPLICATE_METHOD_MATCH = YES;
				COPY_PHASE_STRIP = NO;
				DEBUG_INFORMATION_FORMAT = "dwarf-with-dsym";
				ENABLE_NS_ASSERTIONS = NO;
				ENABLE_STRICT_OBJC_MSGSEND = YES;
				GCC_C_LANGUAGE_STANDARD = gnu11;
				GCC_NO_COMMON_BLOCKS = YES;
				GCC_WARN_64_TO_32_BIT_CONVERSION = YES;
				GCC_WARN_ABOUT_RETURN_TYPE = YES_ERROR;
				GCC_WARN_UNDECLARED_SELECTOR = YES;
				GCC_WARN_UNINITIALIZED_AUTOS = YES_AGGRESSIVE;
				GCC_WARN_UNUSED_FUNCTION = YES;
				GCC_WARN_UNUSED_VARIABLE = YES;
				IPHONEOS_DEPLOYMENT_TARGET = 15.2;
				MTL_ENABLE_DEBUG_INFO = NO;
				MTL_FAST_MATH = YES;
				SDKROOT = iphoneos;
				SWIFT_COMPILATION_MODE = wholemodule;
				SWIFT_OPTIMIZATION_LEVEL = "-O";
				VALIDATE_PRODUCT = YES;
			};
			name = Release;
		};
		9578506A279E1918004F3D8F /* Debug */ = {
			isa = XCBuildConfiguration;
			baseConfigurationReference = 11A8990DF536DBF6E4EADDCE /* Pods-Yumn.debug.xcconfig */;
			buildSettings = {
				ASSETCATALOG_COMPILER_APPICON_NAME = AppIcon;
				ASSETCATALOG_COMPILER_GLOBAL_ACCENT_COLOR_NAME = AccentColor;
				CODE_SIGN_STYLE = Automatic;
				CURRENT_PROJECT_VERSION = 1;
				DEVELOPMENT_TEAM = 94UUPGX482;
				GENERATE_INFOPLIST_FILE = YES;
				INFOPLIST_FILE = Yumn/Info.plist;
				INFOPLIST_KEY_UIApplicationSupportsIndirectInputEvents = YES;
				INFOPLIST_KEY_UILaunchStoryboardName = LaunchScreen;
				INFOPLIST_KEY_UIMainStoryboardFile = Main;
				INFOPLIST_KEY_UISupportedInterfaceOrientations_iPad = "UIInterfaceOrientationPortrait UIInterfaceOrientationPortraitUpsideDown UIInterfaceOrientationLandscapeLeft UIInterfaceOrientationLandscapeRight";
				INFOPLIST_KEY_UISupportedInterfaceOrientations_iPhone = "UIInterfaceOrientationPortrait UIInterfaceOrientationLandscapeLeft UIInterfaceOrientationLandscapeRight";
				LD_RUNPATH_SEARCH_PATHS = (
					"$(inherited)",
					"@executable_path/Frameworks",
				);
				MARKETING_VERSION = 1.0;
				PRODUCT_BUNDLE_IDENTIFIER = Nouf.Yumn;
				PRODUCT_NAME = "$(TARGET_NAME)";
				SWIFT_EMIT_LOC_STRINGS = YES;
				SWIFT_VERSION = 5.0;
				TARGETED_DEVICE_FAMILY = "1,2";
			};
			name = Debug;
		};
		9578506B279E1918004F3D8F /* Release */ = {
			isa = XCBuildConfiguration;
			baseConfigurationReference = 8847A9365CB12728FCA6816C /* Pods-Yumn.release.xcconfig */;
			buildSettings = {
				ASSETCATALOG_COMPILER_APPICON_NAME = AppIcon;
				ASSETCATALOG_COMPILER_GLOBAL_ACCENT_COLOR_NAME = AccentColor;
				CODE_SIGN_STYLE = Automatic;
				CURRENT_PROJECT_VERSION = 1;
				DEVELOPMENT_TEAM = 94UUPGX482;
				GENERATE_INFOPLIST_FILE = YES;
				INFOPLIST_FILE = Yumn/Info.plist;
				INFOPLIST_KEY_UIApplicationSupportsIndirectInputEvents = YES;
				INFOPLIST_KEY_UILaunchStoryboardName = LaunchScreen;
				INFOPLIST_KEY_UIMainStoryboardFile = Main;
				INFOPLIST_KEY_UISupportedInterfaceOrientations_iPad = "UIInterfaceOrientationPortrait UIInterfaceOrientationPortraitUpsideDown UIInterfaceOrientationLandscapeLeft UIInterfaceOrientationLandscapeRight";
				INFOPLIST_KEY_UISupportedInterfaceOrientations_iPhone = "UIInterfaceOrientationPortrait UIInterfaceOrientationLandscapeLeft UIInterfaceOrientationLandscapeRight";
				LD_RUNPATH_SEARCH_PATHS = (
					"$(inherited)",
					"@executable_path/Frameworks",
				);
				MARKETING_VERSION = 1.0;
				PRODUCT_BUNDLE_IDENTIFIER = Nouf.Yumn;
				PRODUCT_NAME = "$(TARGET_NAME)";
				SWIFT_EMIT_LOC_STRINGS = YES;
				SWIFT_VERSION = 5.0;
				TARGETED_DEVICE_FAMILY = "1,2";
			};
			name = Release;
		};
/* End XCBuildConfiguration section */

/* Begin XCConfigurationList section */
		95785050279E1917004F3D8F /* Build configuration list for PBXProject "Yumn" */ = {
			isa = XCConfigurationList;
			buildConfigurations = (
				95785067279E1918004F3D8F /* Debug */,
				95785068279E1918004F3D8F /* Release */,
			);
			defaultConfigurationIsVisible = 0;
			defaultConfigurationName = Release;
		};
		95785069279E1918004F3D8F /* Build configuration list for PBXNativeTarget "Yumn" */ = {
			isa = XCConfigurationList;
			buildConfigurations = (
				9578506A279E1918004F3D8F /* Debug */,
				9578506B279E1918004F3D8F /* Release */,
			);
			defaultConfigurationIsVisible = 0;
			defaultConfigurationName = Release;
		};
/* End XCConfigurationList section */
	};
	rootObject = 9578504D279E1917004F3D8F /* Project object */;
}
